
Microsoft Visual Studio Solution File, Format Version 12.00
# Visual Studio Version 17
VisualStudioVersion = 17.14.36414.22 d17.14
MinimumVisualStudioVersion = 10.0.40219.1
Project("{FAE04EC0-301F-11D3-BF4B-00C04F79EFBC}") = "Student Result Manager", "Student Result Manager\Student Result Manager.csproj", "{B909EB31-410A-42DA-8953-E32837FC4098}"
EndProject
Global
	GlobalSection(SolutionConfigurationPlatforms) = preSolution
		Debug|Any CPU = Debug|Any CPU
		Release|Any CPU = Release|Any CPU
	EndGlobalSection
	GlobalSection(ProjectConfigurationPlatforms) = postSolution
		{B909EB31-410A-42DA-8953-E32837FC4098}.Debug|Any CPU.ActiveCfg = Debug|Any CPU
		{B909EB31-410A-42DA-8953-E32837FC4098}.Debug|Any CPU.Build.0 = Debug|Any CPU
		{B909EB31-410A-42DA-8953-E32837FC4098}.Release|Any CPU.ActiveCfg = Release|Any CPU
		{B909EB31-410A-42DA-8953-E32837FC4098}.Release|Any CPU.Build.0 = Release|Any CPU
	EndGlobalSection
	GlobalSection(SolutionProperties) = preSolution
		HideSolutionNode = FALSE
	EndGlobalSection
	GlobalSection(ExtensibilityGlobals) = postSolution
		SolutionGuid = {B65053EA-C499-4942-A552-E3A484E48AE8}
	EndGlobalSection
EndGlobal
